
Microsoft Visual Studio Solution File, Format Version 12.00
# Visual Studio 15
VisualStudioVersion = 15.0.27703.2035
MinimumVisualStudioVersion = 10.0.40219.1
Project("{FAE04EC0-301F-11D3-BF4B-00C04F79EFBC}") = "Javascript-Helpers", "Javascript-Helpers\Javascript-Helpers.csproj", "{7B7C45FD-6C19-4E30-BF74-D146704BAAE0}"
EndProject
Project("{FAE04EC0-301F-11D3-BF4B-00C04F79EFBC}") = "Javascript-Helpers.Tests", "Javascript-Helpers.Tests\Javascript-Helpers.Tests.csproj", "{763A87C1-8749-4FBC-AE88-367A3D8F3748}"
EndProject
Global
	GlobalSection(SolutionConfigurationPlatforms) = preSolution
		Debug|Any CPU = Debug|Any CPU
		Release|Any CPU = Release|Any CPU
	EndGlobalSection
	GlobalSection(ProjectConfigurationPlatforms) = postSolution
		{7B7C45FD-6C19-4E30-BF74-D146704BAAE0}.Debug|Any CPU.ActiveCfg = Debug|Any CPU
		{7B7C45FD-6C19-4E30-BF74-D146704BAAE0}.Debug|Any CPU.Build.0 = Debug|Any CPU
		{7B7C45FD-6C19-4E30-BF74-D146704BAAE0}.Release|Any CPU.ActiveCfg = Release|Any CPU
		{7B7C45FD-6C19-4E30-BF74-D146704BAAE0}.Release|Any CPU.Build.0 = Release|Any CPU
		{763A87C1-8749-4FBC-AE88-367A3D8F3748}.Debug|Any CPU.ActiveCfg = Debug|Any CPU
		{763A87C1-8749-4FBC-AE88-367A3D8F3748}.Debug|Any CPU.Build.0 = Debug|Any CPU
		{763A87C1-8749-4FBC-AE88-367A3D8F3748}.Release|Any CPU.ActiveCfg = Release|Any CPU
		{763A87C1-8749-4FBC-AE88-367A3D8F3748}.Release|Any CPU.Build.0 = Release|Any CPU
	EndGlobalSection
	GlobalSection(SolutionProperties) = preSolution
		HideSolutionNode = FALSE
	EndGlobalSection
	GlobalSection(ExtensibilityGlobals) = postSolution
		SolutionGuid = {3FD3B243-9276-41B7-99D3-C4C20D6BD857}
	EndGlobalSection
EndGlobal
